<?xml version="1.0" encoding="utf-8"?>
<Project ToolsVersion="4.0" xmlns="http://schemas.microsoft.com/developer/msbuild/2003">
  <ItemGroup>
    <Filter Include="Source Files">
      <UniqueIdentifier>{4FC737F1-C7A5-4376-A066-2A32D752A2FF}</UniqueIdentifier>
      <Extensions>cpp;c;cc;cxx;def;odl;idl;hpj;bat;asm;asmx</Extensions>
    </Filter>
    <Filter Include="Components">
      <UniqueIdentifier>{5f074eb4-ff56-48cc-8cc5-df0044a8c28c}</UniqueIdentifier>
    </Filter>
    <Filter Include="Objects">
      <UniqueIdentifier>{2c3378b7-fbc1-4534-8554-768afa5fa029}</UniqueIdentifier>
    </Filter>
  </ItemGroup>
  <ItemGroup>
    <ClCompile Include="main.cpp">
      <Filter>Source Files</Filter>
    </ClCompile>
    <ClCompile Include="game.cpp">
      <Filter>Source Files</Filter>
    </ClCompile>
    <ClCompile Include="shipControllerComponent.cpp">
      <Filter>Components</Filter>
    </ClCompile>
    <ClCompile Include="ship.cpp">
      <Filter>Objects</Filter>
    </ClCompile>
    <ClCompile Include="missile.cpp">
      <Filter>Objects</Filter>
    </ClCompile>
    <ClCompile Include="enemy.cpp">
      <Filter>Objects</Filter>
    </ClCompile>
    <ClCompile Include="enemyControllerComponent.cpp">
      <Filter>Components</Filter>
    </ClCompile>
    <ClCompile Include="explosion.cpp">
      <Filter>Objects</Filter>
    </ClCompile>
    <ClCompile Include="states.cpp">
      <Filter>Source Files</Filter>
    </ClCompile>
    <ClCompile Include="enemyWaypointControllerComponent.cpp">
      <Filter>Components</Filter>
    </ClCompile>
  </ItemGroup>
  <ItemGroup>
    <ClInclude Include="game.h">
      <Filter>Source Files</Filter>
    </ClInclude>
    <ClInclude Include="shipControllerComponent.h">
      <Filter>Components</Filter>
    </ClInclude>
    <ClInclude Include="ship.h">
      <Filter>Objects</Filter>
    </ClInclude>
    <ClInclude Include="missile.h">
      <Filter>Objects</Filter>
    </ClInclude>
    <ClInclude Include="enemy.h">
      <Filter>Objects</Filter>
    </ClInclude>
    <ClInclude Include="enemyControllerComponent.h">
      <Filter>Components</Filter>
    </ClInclude>
    <ClInclude Include="explosion.h">
      <Filter>Objects</Filter>
    </ClInclude>
    <ClInclude Include="states.h">
      <Filter>Source Files</Filter>
    </ClInclude>
    <ClInclude Include="enemyWaypointControllerComponent.h">
      <Filter>Components</Filter>
    </ClInclude>
  </ItemGroup>
</Project>