<?xml version="1.0" encoding="utf-8"?>
<Project ToolsVersion="4.0" xmlns="http://schemas.microsoft.com/developer/msbuild/2003">
  <ItemGroup>
    <Filter Include="Source Files">
      <UniqueIdentifier>{4FC737F1-C7A5-4376-A066-2A32D752A2FF}</UniqueIdentifier>
      <Extensions>cpp;c;cc;cxx;def;odl;idl;hpj;bat;asm;asmx</Extensions>
    </Filter>
    <Filter Include="Components">
      <UniqueIdentifier>{5f4ebb36-33a4-4778-862e-49987fa5e738}</UniqueIdentifier>
    </Filter>
    <Filter Include="Logic">
      <UniqueIdentifier>{2dbc95a4-bda3-4ed0-b954-67f8986f1ef9}</UniqueIdentifier>
    </Filter>
    <Filter Include="Objects">
      <UniqueIdentifier>{ed7def6d-84eb-420a-bc78-f5a052f37415}</UniqueIdentifier>
    </Filter>
  </ItemGroup>
  <ItemGroup>
    <ClCompile Include="shipControllerComponent.cpp">
      <Filter>Components</Filter>
    </ClCompile>
    <ClCompile Include="main.cpp">
      <Filter>Logic</Filter>
    </ClCompile>
    <ClCompile Include="game.cpp">
      <Filter>Logic</Filter>
    </ClCompile>
    <ClCompile Include="ship.cpp">
      <Filter>Objects</Filter>
    </ClCompile>
    <ClCompile Include="missile.cpp">
      <Filter>Objects</Filter>
    </ClCompile>
    <ClCompile Include="enemy.cpp">
      <Filter>Objects</Filter>
    </ClCompile>
    <ClCompile Include="enemyControllerComponent.cpp">
      <Filter>Components</Filter>
    </ClCompile>
    <ClCompile Include="explosion.cpp">
      <Filter>Objects</Filter>
    </ClCompile>
  </ItemGroup>
  <ItemGroup>
    <ClInclude Include="shipControllerComponent.h">
      <Filter>Components</Filter>
    </ClInclude>
    <ClInclude Include="game.h">
      <Filter>Logic</Filter>
    </ClInclude>
    <ClInclude Include="ship.h">
      <Filter>Objects</Filter>
    </ClInclude>
    <ClInclude Include="missile.h">
      <Filter>Objects</Filter>
    </ClInclude>
    <ClInclude Include="enemy.h">
      <Filter>Objects</Filter>
    </ClInclude>
    <ClInclude Include="enemyControllerComponent.h">
      <Filter>Components</Filter>
    </ClInclude>
    <ClInclude Include="explosion.h">
      <Filter>Objects</Filter>
    </ClInclude>
  </ItemGroup>
</Project>