<?xml version="1.0" encoding="utf-8"?>
<Project ToolsVersion="4.0" xmlns="http://schemas.microsoft.com/developer/msbuild/2003">
  <ItemGroup>
    <Filter Include="Source Files">
      <UniqueIdentifier>{4FC737F1-C7A5-4376-A066-2A32D752A2FF}</UniqueIdentifier>
      <Extensions>cpp;c;cc;cxx;def;odl;idl;hpj;bat;asm;asmx</Extensions>
    </Filter>
    <Filter Include="Header Files">
      <UniqueIdentifier>{93995380-89BD-4b04-88EB-625FBE52EBFB}</UniqueIdentifier>
      <Extensions>h;hh;hpp;hxx;hm;inl;inc;xsd</Extensions>
    </Filter>
    <Filter Include="Resource Files">
      <UniqueIdentifier>{67DA6AB6-F800-4c08-8B7A-83BB121AAD01}</UniqueIdentifier>
      <Extensions>rc;ico;cur;bmp;dlg;rc2;rct;bin;rgs;gif;jpg;jpeg;jpe;resx;tiff;tif;png;wav;mfcribbon-ms</Extensions>
    </Filter>
    <Filter Include="Math">
      <UniqueIdentifier>{4e0473a1-a897-495b-8688-ec1522ea8a3b}</UniqueIdentifier>
    </Filter>
    <Filter Include="Graphics">
      <UniqueIdentifier>{4d8e8a6a-a867-490b-9faa-000b9904c00f}</UniqueIdentifier>
    </Filter>
    <Filter Include="Graphics\Text">
      <UniqueIdentifier>{de3bd7de-d293-4ca6-9e38-5847a33fbf37}</UniqueIdentifier>
    </Filter>
    <Filter Include="Logic">
      <UniqueIdentifier>{115f6d74-d57d-41ed-a580-89e269228155}</UniqueIdentifier>
    </Filter>
    <Filter Include="Audio">
      <UniqueIdentifier>{67078a00-5da7-4d09-b91b-88b5450b60af}</UniqueIdentifier>
    </Filter>
    <Filter Include="Logic\Input">
      <UniqueIdentifier>{8e7b74ff-99a4-4de0-8250-9a1a41d96472}</UniqueIdentifier>
    </Filter>
    <Filter Include="Objects">
      <UniqueIdentifier>{64c0a3d4-8439-4816-b393-fd37ef5d92ac}</UniqueIdentifier>
    </Filter>
    <Filter Include="Objects\Componets">
      <UniqueIdentifier>{06f753c0-fbbb-493c-a280-231ab068a599}</UniqueIdentifier>
    </Filter>
  </ItemGroup>
  <ItemGroup>
    <ClInclude Include="renderer.h">
      <Filter>Graphics</Filter>
    </ClInclude>
    <ClInclude Include="textureManager.h">
      <Filter>Graphics</Filter>
    </ClInclude>
    <ClInclude Include="matrix22.h">
      <Filter>Math</Filter>
    </ClInclude>
    <ClInclude Include="matrix33.h">
      <Filter>Math</Filter>
    </ClInclude>
    <ClInclude Include="vector2D.h">
      <Filter>Math</Filter>
    </ClInclude>
    <ClInclude Include="vector3D.h">
      <Filter>Math</Filter>
    </ClInclude>
    <ClInclude Include="color.h">
      <Filter>Graphics</Filter>
    </ClInclude>
    <ClInclude Include="text.h">
      <Filter>Graphics\Text</Filter>
    </ClInclude>
    <ClInclude Include="textManager.h">
      <Filter>Graphics\Text</Filter>
    </ClInclude>
    <ClInclude Include="engine.h">
      <Filter>Logic</Filter>
    </ClInclude>
    <ClInclude Include="singleton.h">
      <Filter>Logic</Filter>
    </ClInclude>
    <ClInclude Include="timer.h">
      <Filter>Logic</Filter>
    </ClInclude>
    <ClInclude Include="audioSystem.h">
      <Filter>Audio</Filter>
    </ClInclude>
    <ClInclude Include="inputManager.h">
      <Filter>Logic\Input</Filter>
    </ClInclude>
    <ClInclude Include="_math.h">
      <Filter>Math</Filter>
    </ClInclude>
    <ClInclude Include="id.h">
      <Filter>Objects</Filter>
    </ClInclude>
    <ClInclude Include="object.h">
      <Filter>Objects</Filter>
    </ClInclude>
    <ClInclude Include="entity.h">
      <Filter>Objects</Filter>
    </ClInclude>
    <ClInclude Include="component.h">
      <Filter>Objects\Componets</Filter>
    </ClInclude>
  </ItemGroup>
  <ItemGroup>
    <ClCompile Include="textureManager.cpp">
      <Filter>Graphics</Filter>
    </ClCompile>
    <ClCompile Include="renderer.cpp">
      <Filter>Graphics</Filter>
    </ClCompile>
    <ClCompile Include="matrix22.cpp">
      <Filter>Math</Filter>
    </ClCompile>
    <ClCompile Include="matrix33.cpp">
      <Filter>Math</Filter>
    </ClCompile>
    <ClCompile Include="vector2D.cpp">
      <Filter>Math</Filter>
    </ClCompile>
    <ClCompile Include="vector3D.cpp">
      <Filter>Math</Filter>
    </ClCompile>
    <ClCompile Include="color.cpp">
      <Filter>Graphics</Filter>
    </ClCompile>
    <ClCompile Include="text.cpp">
      <Filter>Graphics\Text</Filter>
    </ClCompile>
    <ClCompile Include="textManager.cpp">
      <Filter>Graphics\Text</Filter>
    </ClCompile>
    <ClCompile Include="engine.cpp">
      <Filter>Logic</Filter>
    </ClCompile>
    <ClCompile Include="timer.cpp">
      <Filter>Logic</Filter>
    </ClCompile>
    <ClCompile Include="audioSystem.cpp">
      <Filter>Audio</Filter>
    </ClCompile>
    <ClCompile Include="inputManager.cpp">
      <Filter>Logic\Input</Filter>
    </ClCompile>
    <ClCompile Include="_math.cpp">
      <Filter>Math</Filter>
    </ClCompile>
    <ClCompile Include="id.cpp">
      <Filter>Objects</Filter>
    </ClCompile>
    <ClCompile Include="object.cpp">
      <Filter>Objects</Filter>
    </ClCompile>
    <ClCompile Include="entity.cpp">
      <Filter>Objects</Filter>
    </ClCompile>
    <ClCompile Include="component.cpp">
      <Filter>Objects\Componets</Filter>
    </ClCompile>
  </ItemGroup>
</Project>